
Microsoft Visual Studio Solution File, Format Version 12.00
# Visual Studio 15
VisualStudioVersion = 15.0.26228.9
MinimumVisualStudioVersion = 10.0.40219.1
Project("{FAE04EC0-301F-11D3-BF4B-00C04F79EFBC}") = "iHerb.Checkout.SPI", "iHerb.Checkout.SPI\iHerb.Checkout.SPI.csproj", "{6EAADB21-BDB6-4D94-8E52-32994C7BB1FE}"
EndProject
Project("{FAE04EC0-301F-11D3-BF4B-00C04F79EFBC}") = "iHerb.Checkout.API", "iHerb.Checkout.API\iHerb.Checkout.API.csproj", "{0056C9C3-3208-45B9-83BD-351C30424343}"
EndProject
Project("{E53339B2-1760-4266-BCC7-CA923CBCF16C}") = "docker-compose", "docker-compose.dcproj", "{B3419941-1F8B-4030-AFF4-2E9825D1412E}"
EndProject
Global
	GlobalSection(SolutionConfigurationPlatforms) = preSolution
		Debug|Any CPU = Debug|Any CPU
		Release|Any CPU = Release|Any CPU
	EndGlobalSection
	GlobalSection(ProjectConfigurationPlatforms) = postSolution
		{6EAADB21-BDB6-4D94-8E52-32994C7BB1FE}.Debug|Any CPU.ActiveCfg = Debug|Any CPU
		{6EAADB21-BDB6-4D94-8E52-32994C7BB1FE}.Debug|Any CPU.Build.0 = Debug|Any CPU
		{6EAADB21-BDB6-4D94-8E52-32994C7BB1FE}.Release|Any CPU.ActiveCfg = Release|Any CPU
		{6EAADB21-BDB6-4D94-8E52-32994C7BB1FE}.Release|Any CPU.Build.0 = Release|Any CPU
		{0056C9C3-3208-45B9-83BD-351C30424343}.Debug|Any CPU.ActiveCfg = Debug|Any CPU
		{0056C9C3-3208-45B9-83BD-351C30424343}.Debug|Any CPU.Build.0 = Debug|Any CPU
		{0056C9C3-3208-45B9-83BD-351C30424343}.Release|Any CPU.ActiveCfg = Release|Any CPU
		{0056C9C3-3208-45B9-83BD-351C30424343}.Release|Any CPU.Build.0 = Release|Any CPU
		{B3419941-1F8B-4030-AFF4-2E9825D1412E}.Debug|Any CPU.ActiveCfg = Debug|Any CPU
		{B3419941-1F8B-4030-AFF4-2E9825D1412E}.Debug|Any CPU.Build.0 = Debug|Any CPU
		{B3419941-1F8B-4030-AFF4-2E9825D1412E}.Release|Any CPU.ActiveCfg = Release|Any CPU
		{B3419941-1F8B-4030-AFF4-2E9825D1412E}.Release|Any CPU.Build.0 = Release|Any CPU
	EndGlobalSection
	GlobalSection(SolutionProperties) = preSolution
		HideSolutionNode = FALSE
	EndGlobalSection
EndGlobal
